version = 1
revision = 3
requires-python = ">=3.12"

[[package]]
name = "nodeenv"
version = "1.11.0"
source = { registry = "https://pypi.org/simple" }
sdist = { url = "https://files.pythonhosted.org/packages/9a/8e/105de02c1322cfada6d9710d9146ef8026419d433c9d08359a2d35805811/nodeenv-1.11.0.tar.gz", hash = "sha256:3ce8fe5b71d16e8af7039ca65257354100bc772965d6bc549070649e53b1b146", size = 99301, upload-time = "2026-09-26T11:29:21.367Z" }
wheels = [
    { url = "https://files.pythonhosted.org/packages/54/c8/12811c9b48fde162bb72b6f2e78fada9a247a09d7bb5be2050a5d099c77b/nodeenv-1.11.0-py2.py3-none-any.whl", hash = "sha256:edaa16e6c14d7cf395d75d4bbd5a26390f4dc06501a33b4e76282b02cc688a25", size = 34277, upload-time = "2026-09-26T11:29:19.933Z" },
]

[[package]]
name = "psycopg"
version = "3.3.6"
source = { registry = "https://pypi.org/simple" }
dependencies = [
    { name = "typing-extensions", marker = "python_full_version < '3.13'" },
    { name = "tzdata", marker = "sys_platform == 'win32'" },
]
sdist = { url = "https://files.pythonhosted.org/packages/76/26/3ea4ca5eaea1c0debcdf7ee7c1613fbe721dc27a03c461c0817ffd8a0601/psycopg-3.3.6.tar.gz", hash = "sha256:c081f2250df751a943036e42db6df4571c66cd0aabe8291a7a506512b12007d2", size = 168171, upload-time = "2026-09-18T13:22:55.152Z" }
wheels = [
    { url = "https://files.pythonhosted.org/packages/4e/de/748bd7609c71cae5d737f0ba9192f19329f70180ecda8fff3cac02c5abe3/psycopg-3.3.6-py3-none-any.whl", hash = "sha256:a1db9f7148b06a28606767efaca51fa6f9398c5c0a3810519be69d7000bdb631", size = 215490, upload-time = "2026-09-18T13:15:29.374Z" },
]

[package.optional-dependencies]
binary = [
    { name = "psycopg-binary", marker = "implementation_name != 'pypy'" },
]

[[package]]
name = "psycopg-binary"
version = "3.3.6"
source = { registry = "https://pypi.org/simple" }
wheels = [
    { url = "https://files.pythonhosted.org/packages/e6/01/2cdd1824e58b4467ee0b9498664cd28c42d8794db6b1e35b6bcb834f0044/psycopg_binary-3.3.6-cp312-cp312-macosx_10_13_x86_64.whl", hash = "sha256:3f84dab25e0385692ee13274c68678377e0b1a70ab9d14e56264cbf61f60c62d", size = 4707086, upload-time = "2026-09-18T13:18:05.138Z" },
    { url = "https://files.pythonhosted.org/packages/f6/76/de9948ac06895261c84d5b9fbe283d8f3c5bc9f070691b8d9eaa1b51e322/psycopg_binary-3.3.6-cp312-cp312-macosx_11_0_arm64.whl", hash = "sha256:612382ac3ed13651c7fa44b5fee9fbf7baaa2ddbc6f500391672682c5f1df9e0", size = 4769607, upload-time = "2026-09-18T13:18:12.83Z" },
    { url = "https://files.pythonhosted.org/packages/76/a9/72436c9915ee4905964689e7f0e182ce7767cc0a0390b3ce703be8177625/psycopg_binary-3.3.6-cp312-cp312-manylinux2014_ppc64le.manylinux_2_17_ppc64le.whl", hash = "sha256:366db6e97e66b37211475f20c4c1324a2dc0dd825e46d4e87f9d599304d276f9", size = 5554134, upload-time = "2026-09-18T13:18:21.175Z" },
    { url = "https://files.pythonhosted.org/packages/0a/42/948bb3d2617795093512613fd96ba380e922992c7908fbc073858147d196/psycopg_binary-3.3.6-cp312-cp312-manylinux2014_x86_64.manylinux_2_17_x86_64.whl", hash = "sha256:1679a1cb93fbe5a6d1fd58d82cbddcc6fcb8c61446ba7cae6eb2a7b19bc585de", size = 5235723, upload-time = "2026-09-18T13:18:27.071Z" },
    { url = "https://files.pythonhosted.org/packages/99/47/93e823ff1b0088400703410939c9bda3e63ed9c850b3ee088e8769f4c10b/psycopg_binary-3.3.6-cp312-cp312-manylinux_2_27_aarch64.manylinux_2_28_aarch64.whl", hash = "sha256:37d40450659401600e6d043ff586c89a71a69f33cbb8bcdba6cdb2569beecdbe", size = 6833587, upload-time = "2026-09-18T13:18:33.794Z" },
    { url = "https://files.pythonhosted.org/packages/5e/2d/ecc69c847795aa704041a9f5667a6b0938a088cf1853636d762a6938e493/psycopg_binary-3.3.6-cp312-cp312-manylinux_2_38_riscv64.manylinux_2_39_riscv64.whl", hash = "sha256:a5165300324efd5a772c48a88ab3a928513ab3979fca76553e62ee815f7b2b9c", size = 5070013, upload-time = "2026-09-18T13:18:39.628Z" },
    { url = "https://files.pythonhosted.org/packages/92/36/6126f0dac21713dcae91404f2a76da18598a6252339a8c669c46370d43b2/psycopg_binary-3.3.6-cp312-cp312-musllinux_1_2_aarch64.whl", hash = "sha256:d636338c8f21b0df2f84657b00bc34f9313f826ef93f1155bc743607e4a0c5eb", size = 4597367, upload-time = "2026-09-18T13:18:45.023Z" },
    { url = "https://files.pythonhosted.org/packages/4d/29/7ecfc04243b46c89ffd49924e9c5634ea904ef96c7d0f37e4073623584c1/psycopg_binary-3.3.6-cp312-cp312-musllinux_1_2_ppc64le.whl", hash = "sha256:a4ee3bdd5468a725f2a4d9aab8a74b6d0279f768c8b5d3aeb102c5307ff3d59c", size = 4275419, upload-time = "2026-09-18T13:18:49.299Z" },
    { url = "https://files.pythonhosted.org/packages/6e/90/2f46d2e0de79706ac170df0a3637fe63c4498fc04f131f6049520b78b806/psycopg_binary-3.3.6-cp312-cp312-musllinux_1_2_riscv64.whl", hash = "sha256:289aadd6a00e151203c081f708348ec89f1e483c9b510ef4ac3981f847f01f79", size = 4007358, upload-time = "2026-09-18T13:18:53.944Z" },
    { url = "https://files.pythonhosted.org/packages/03/48/6744e91291b751a8cf12d63d719977974bb94c84ceba913e7ddb2e478e51/psycopg_binary-3.3.6-cp312-cp312-musllinux_1_2_x86_64.whl", hash = "sha256:f21d057f3e5f5491067e5b292498073b73847d48799b099803fef100775fcc52", size = 4320156, upload-time = "2026-09-18T13:18:59.258Z" },
    { url = "https://files.pythonhosted.org/packages/1a/9b/94ff7fce53a64d5b286e2ec454e0a025cf3d6e6b4a9189bef16aa5de98b2/psycopg_binary-3.3.6-cp312-cp312-win_amd64.whl", hash = "sha256:e23a66a763fbe83fcc210bc77c27e5a5ea380ebf091c06f34d8561b695e5a40f", size = 3658864, upload-time = "2026-09-18T13:19:06.503Z" },
    { url = "https://files.pythonhosted.org/packages/b4/c3/c072584b69ad44a747b448cfc9766fecb8aae56e372a017e2ef668790057/psycopg_binary-3.3.6-cp313-cp313-macosx_10_13_x86_64.whl", hash = "sha256:5ad8f35e67cc16d1fad1fa8c88972dc9b3a3141ea67897399904edab96a301b6", size = 4712284, upload-time = "2026-09-18T13:19:13.451Z" },
    { url = "https://files.pythonhosted.org/packages/0a/b9/4283b785339e8e2318d03048994b093d650ea6289fabaa806b765dc0d449/psycopg_binary-3.3.6-cp313-cp313-macosx_11_0_arm64.whl", hash = "sha256:373704aea331d3f3e3402c125a1543f5875e2986ebb54f97d1647942161f803f", size = 4772031, upload-time = "2026-09-18T13:19:18.524Z" },
    { url = "https://files.pythonhosted.org/packages/6f/72/7a1321d359246769fff1affffbd0132785a28f7f63c18524c15a502398f4/psycopg_binary-3.3.6-cp313-cp313-manylinux2014_ppc64le.manylinux_2_17_ppc64le.whl", hash = "sha256:b82491019b884d62318b5f30706c3d7e6d4e5a6cb7eabcb3edc0c1b0fdaceae9", size = 5556392, upload-time = "2026-09-18T13:19:24.418Z" },
    { url = "https://files.pythonhosted.org/packages/de/b0/c6f8a0585a5dacbea74e130bcfc66629390e8f5bbc79d2a8e806e8952150/psycopg_binary-3.3.6-cp313-cp313-manylinux2014_x86_64.manylinux_2_17_x86_64.whl", hash = "sha256:cec5ea900390897d0b46130f60bc2883bf19c314f9044235217c8be88b0ef269", size = 5237855, upload-time = "2026-09-18T13:19:31.257Z" },
    { url = "https://files.pythonhosted.org/packages/e2/fc/c3a7a8bbef7e945ec584ac61d460a612363ea398511cd0e220242b1d69f1/psycopg_binary-3.3.6-cp313-cp313-manylinux_2_27_aarch64.manylinux_2_28_aarch64.whl", hash = "sha256:98c02090d88f2ebc0ec1e8da538f77d225ce0fffecf372aa39262e62a1b054ef", size = 6833856, upload-time = "2026-09-18T13:19:43.622Z" },
    { url = "https://files.pythonhosted.org/packages/a9/f2/8e80b921db728ebb68fc105bd7c4277f908210ad755bd6481d5ea7add740/psycopg_binary-3.3.6-cp313-cp313-manylinux_2_38_riscv64.manylinux_2_39_riscv64.whl", hash = "sha256:ee2c4728c691245e24501fcd7a97b5b381236b9985bc445bba88cdce7d1b5784", size = 5070730, upload-time = "2026-09-18T13:19:49.968Z" },
    { url = "https://files.pythonhosted.org/packages/54/6a/5b313e0c5348244f0e973aff3258bf86766656256d5ece8d541a53e35b4a/psycopg_binary-3.3.6-cp313-cp313-musllinux_1_2_aarch64.whl", hash = "sha256:f19cc87343eaa55255e76b31259a570072ac95d6ae82c92dd34b97691f5e49dc", size = 4598089, upload-time = "2026-09-18T13:19:56.426Z" },
    { url = "https://files.pythonhosted.org/packages/32/e9/db7f76ec24bf6699e92bf604e5c4bae10664a681a8999ef42aa0faf0f2c6/psycopg_binary-3.3.6-cp313-cp313-musllinux_1_2_ppc64le.whl", hash = "sha256:fdccb3a0e184b03e9baa673b15a809cf36c339c85dbda0ebc25a698846dfbee8", size = 4278481, upload-time = "2026-09-18T13:20:04.681Z" },
    { url = "https://files.pythonhosted.org/packages/61/83/72c67013656f4d6b547caabffb193e91d57e63f90eefdcc6d045c400e97d/psycopg_binary-3.3.6-cp313-cp313-musllinux_1_2_riscv64.whl", hash = "sha256:9892188bb15e5803beb51afe8a25add6b56be391a53058e8bca03b74e1e6bf22", size = 4009229, upload-time = "2026-09-18T13:20:11.905Z" },
    { url = "https://files.pythonhosted.org/packages/82/35/5e4500df2c999eb0faed8b184e6958b834172128274f06167a5deef4c19c/psycopg_binary-3.3.6-cp313-cp313-musllinux_1_2_x86_64.whl", hash = "sha256:3af90f92769d8cc10f94515ee7a0aef36ea85ca733a0ce22858f6e0953f41138", size = 4321467, upload-time = "2026-09-18T13:20:17.949Z" },
    { url = "https://files.pythonhosted.org/packages/55/7f/e350e1cf498ba2565c3f87b12f429d2012eb86b76c2b3845a19ee5fbb4d6/psycopg_binary-3.3.6-cp313-cp313-win_amd64.whl", hash = "sha256:0ebfad5d131de9f892ae9e70cc7616207768b6714b66a52d4612b8ceaf78b372", size = 3658179, upload-time = "2026-09-18T13:20:22.691Z" },
    { url = "https://files.pythonhosted.org/packages/6d/b9/60711317c284a442511644ea7185b56ebe627606d6741e732cd16108c47b/psycopg_binary-3.3.6-cp314-cp314-macosx_10_15_x86_64.whl", hash = "sha256:b3f75dee0f9afafabe4edc52c4842f1e1878ed2069bd05b22d6fe961e97e4dba", size = 4720512, upload-time = "2026-09-18T13:20:29.278Z" },
    { url = "https://files.pythonhosted.org/packages/63/da/28befc84454cbc6374550de7746f591f8fe1b6165c1fce249652cc8291c4/psycopg_binary-3.3.6-cp314-cp314-macosx_11_0_arm64.whl", hash = "sha256:5927b7ba63153cd8e9862987290a2b783a5c590daf2a4ef981700cc3569166d4", size = 4782318, upload-time = "2026-09-18T13:20:35.401Z" },
    { url = "https://files.pythonhosted.org/packages/a4/8a/0d21c2c833cdc0d4244c77e858e0ed37fa2abec2623be4fd686f617109ce/psycopg_binary-3.3.6-cp314-cp314-manylinux2014_ppc64le.manylinux_2_17_ppc64le.whl", hash = "sha256:0bf08b749cc144f33b44a91b78e3f71c60eb07963746a0df5a100b36ce3d7475", size = 5567460, upload-time = "2026-09-18T13:20:41.902Z" },
    { url = "https://files.pythonhosted.org/packages/49/6d/7692d0d4e656b6cc9868d8acc2e3b42f17a0db4a625400a6d093cb0533a1/psycopg_binary-3.3.6-cp314-cp314-manylinux2014_x86_64.manylinux_2_17_x86_64.whl", hash = "sha256:31cd942c23f613276b81a6e6598cefa12960058b0f46e1e874b540c793f6aca5", size = 5246902, upload-time = "2026-09-18T13:20:47.661Z" },
    { url = "https://files.pythonhosted.org/packages/d4/c1/b8a1f18fb1b7558a17f57f7cb3fc8bc93189feea2958925950b3acb15743/psycopg_binary-3.3.6-cp314-cp314-manylinux_2_27_aarch64.manylinux_2_28_aarch64.whl", hash = "sha256:4690cf67738f0e0e49a32aeec99bf0e4595cc2b4f1af984a4345394b1dcff91a", size = 6847192, upload-time = "2026-09-18T13:20:56.874Z" },
    { url = "https://files.pythonhosted.org/packages/a5/76/404f33519167c65cca88ec4998776f1dbebccc301ee977f0e62c47fb0826/psycopg_binary-3.3.6-cp314-cp314-manylinux_2_38_riscv64.manylinux_2_39_riscv64.whl", hash = "sha256:ad1c785e784cfd87e8436c6b7702f2d321fc39601bbaf29bc63a41a867091638", size = 5079573, upload-time = "2026-09-18T13:21:04.155Z" },
    { url = "https://files.pythonhosted.org/packages/f0/d9/79e8fbc8f37262a415f3550f0bcc5f98037442bf3d12ef6cbae2056655ae/psycopg_binary-3.3.6-cp314-cp314-musllinux_1_2_aarch64.whl", hash = "sha256:79a2a1c3449f6c3409427078ed1cec10de79f3023cb5f2504f0597d350ad46c7", size = 4613633, upload-time = "2026-09-18T13:21:10.664Z" },
    { url = "https://files.pythonhosted.org/packages/d4/47/96225db74be7d2ce04b3a58678b53cda610225055edf5faa775c9f501d8b/psycopg_binary-3.3.6-cp314-cp314-musllinux_1_2_ppc64le.whl", hash = "sha256:86147cb5d140341c3363fb5bacce31f8d5543902a46699d3c536b101bbceaf9e", size = 4293375, upload-time = "2026-09-18T13:21:16.027Z" },
    { url = "https://files.pythonhosted.org/packages/2a/d2/18e9c779a5efd565250329adaf529ecc2b8b2ed5be5cb0f6ccee208cbfd9/psycopg_binary-3.3.6-cp314-cp314-musllinux_1_2_riscv64.whl", hash = "sha256:7308c93cf0b19bbaf8e6ff0a6ad50d3c442385739245fe15a8d593bf841734a6", size = 4019883, upload-time = "2026-09-18T13:21:21.587Z" },
    { url = "https://files.pythonhosted.org/packages/ef/28/0cc654afc6c2cda982767f5679d3646b30b1ec86545bdaa9402202d6776c/psycopg_binary-3.3.6-cp314-cp314-musllinux_1_2_x86_64.whl", hash = "sha256:05a83ac9fd52b9bca7cb5ab04b3691163170bd16f53defa27216ea3aa07ee781", size = 4332607, upload-time = "2026-09-18T13:21:27.63Z" },
    { url = "https://files.pythonhosted.org/packages/f1/3e/0a753a74fbd7aef120f286c016e09d3cc3f1daf7688f4a145d27281260b2/psycopg_binary-3.3.6-cp314-cp314-win_amd64.whl", hash = "sha256:1fbd30e537dab22cafdf080608f10148fe2a5f3a61294ddb5113caac8a623840", size = 3755671, upload-time = "2026-09-18T13:21:33.855Z" },
    { url = "https://files.pythonhosted.org/packages/0e/b1/a372b9c02aea50148e71c9853e19efca8fa5ae2010a8e27243b9b8f790c0/psycopg_binary-3.3.6-cp315-cp315-macosx_10_15_x86_64.whl", hash = "sha256:bf8c8481d026b85dd70c5fa7dde85b2333aed0b32a2602bcd38a900cbd78a49c", size = 4719571, upload-time = "2026-09-18T13:21:41.437Z" },
    { url = "https://files.pythonhosted.org/packages/65/7c/811e3828c6b82e2f10c6c9cdd963cfc66f3e024026e5a69ac18530bad984/psycopg_binary-3.3.6-cp315-cp315-macosx_11_0_arm64.whl", hash = "sha256:b599defe9190b17e9907c8b4d114c181e702c87efcd1b8a0ad40971cdcc4634a", size = 4781230, upload-time = "2026-09-18T13:21:49.516Z" },
    { url = "https://files.pythonhosted.org/packages/3e/15/9a784eed813ea9e97c294af3ead63d02b7b203502c66380336c50065e441/psycopg_binary-3.3.6-cp315-cp315-manylinux2014_ppc64le.manylinux_2_17_ppc64le.whl", hash = "sha256:b8ece331509f7a975b90501f41e83ad905e4141753fedf3f2711b2bc70a8efbc", size = 5566111, upload-time = "2026-09-18T13:21:58.089Z" },
    { url = "https://files.pythonhosted.org/packages/68/16/47194e002007c27337b11e49bf459c4b19727463f9aff2e1a90917bcc806/psycopg_binary-3.3.6-cp315-cp315-manylinux2014_x86_64.manylinux_2_17_x86_64.whl", hash = "sha256:c61617eaae0112ca154da87ffb99b73af2c74067acac28dfb9a4455b019dff2e", size = 5249963, upload-time = "2026-09-18T13:22:06.695Z" },
    { url = "https://files.pythonhosted.org/packages/53/84/5dcf9f310b11f0675cd860c6b2c70f58ce61798a3ee3f6f962b53fa358ca/psycopg_binary-3.3.6-cp315-cp315-manylinux_2_27_aarch64.manylinux_2_28_aarch64.whl", hash = "sha256:c6d19cb4999d03231e8730a5f66c8f5068bc3b532677eb39dab0f600bff3e312", size = 6847925, upload-time = "2026-09-18T13:22:13.088Z" },
    { url = "https://files.pythonhosted.org/packages/f3/06/1957a06dc22963c418c27b284929579de84f29c37ad1abe6dc6ee9e8cf25/psycopg_binary-3.3.6-cp315-cp315-manylinux_2_38_riscv64.manylinux_2_39_riscv64.whl", hash = "sha256:e8cbb54454dbf1bbf2ff08dd7693e8d94ac94b1a20f70f4b3b813d52ecb5cbc1", size = 5087720, upload-time = "2026-09-18T13:22:17.959Z" },
    { url = "https://files.pythonhosted.org/packages/21/43/ac07d042bae99b57bf123bb473632f29af544008094da0ffd285ab8011e2/psycopg_binary-3.3.6-cp315-cp315-musllinux_1_2_aarch64.whl", hash = "sha256:dc75da5a20951049f7b773145f998f69d181adad9c58a0ff36e0cf1d73c10e10", size = 4613412, upload-time = "2026-09-18T13:22:26.719Z" },
    { url = "https://files.pythonhosted.org/packages/aa/b1/019156fbeafcefb4cccc9d109de4699493bceb8313c7545c8349e089dfbc/psycopg_binary-3.3.6-cp315-cp315-musllinux_1_2_ppc64le.whl", hash = "sha256:955e3dd94da361e052d2e49acf591017158dc8f8ed2c8a42c2e3943403c39dc2", size = 4292618, upload-time = "2026-09-18T13:22:33.042Z" },
    { url = "https://files.pythonhosted.org/packages/5d/0f/62113dc6b1df65983a1f2fc816c04b1edfa22f2ae9d4abee74ed267f4a96/psycopg_binary-3.3.6-cp315-cp315-musllinux_1_2_riscv64.whl", hash = "sha256:c7753871eb57e6a5f4646f6168590c6653073dea5e9e720b201c8875332df4c8", size = 4027121, upload-time = "2026-09-18T13:22:38.334Z" },
    { url = "https://files.pythonhosted.org/packages/5d/d5/cf0cbd1ea5a7d8167fe2c6953efde19101f7b193bd61a23e6d622ad6854c/psycopg_binary-3.3.6-cp315-cp315-musllinux_1_2_x86_64.whl", hash = "sha256:303732e798fe6729f8e12021b9c96107df8e95ecec4dd487c67b98ec2a59435e", size = 4336388, upload-time = "2026-09-18T13:22:45.576Z" },
    { url = "https://files.pythonhosted.org/packages/98/33/e2a5b36edf8aa422f6fa4b894756eb33dc93b36df5f65121280bb8b929c4/psycopg_binary-3.3.6-cp315-cp315-win_amd64.whl", hash = "sha256:2f122603f36050937982abf9668d8bc4769a79f7c93a65013b1c49f1cab7b56b", size = 3756154, upload-time = "2026-09-18T13:22:51.283Z" },
]

[[package]]
name = "pyright"
version = "1.1.414"
source = { registry = "https://pypi.org/simple" }
dependencies = [
    { name = "nodeenv" },
    { name = "typing-extensions" },
]
sdist = { url = "https://files.pythonhosted.org/packages/e1/1b/244c7b710031ada80f27e579ec20d28a2285dfc318fed0339866b1047f12/pyright-1.1.414.tar.gz", hash = "sha256:523c0a97c60da6333234955c277730c9cf4f5bd6d5399e7b7d2b0fc5d3599524", size = 4154638, upload-time = "2026-09-10T12:26:53.181Z" }
wheels = [
    { url = "https://files.pythonhosted.org/packages/d7/ba/18b6e682ead424ad24bcc134339ae5d1b931cd9ae260540592a058a91279/pyright-1.1.414-py3-none-any.whl", hash = "sha256:2a6b4b3298c9eec174c5ed83bd338de6eee82df2992f3e1930e6199d381be36f", size = 6225049, upload-time = "2026-09-10T12:26:51.427Z" },
]

[[package]]
name = "ruff"
version = "0.16.10"
source = { registry = "https://pypi.org/simple" }
sdist = { url = "https://files.pythonhosted.org/packages/c4/49/23802c45f093eb14bde54b141d2b2f058edfa63a06db7beed047308cc08f/ruff-0.16.10.tar.gz", hash = "sha256:eff4728c4eaae93f0955cd264d24b2ab348e74bf59986ccf282ba6dc16b3b017", size = 4958724, upload-time = "2026-10-01T18:03:21.697Z" }
wheels = [
    { url = "https://files.pythonhosted.org/packages/2f/21/ebce22e1d90cdb2cd691026b9c6e9bec6499f0b396089481755b5d49efff/ruff-0.16.10-py3-none-linux_armv6l.whl", hash = "sha256:488b0fe3f3574210e5cf80d9f59b9e3ab17a127a8155de3f307b392589cfb511", size = 10095557, upload-time = "2026-10-01T18:02:36.072Z" },
    { url = "https://files.pythonhosted.org/packages/cb/98/a54de85876a8b2612bfa0d84c7b9abfb39c6a3354aee7800b09c1649b9e3/ruff-0.16.10-py3-none-macosx_10_12_x86_64.whl", hash = "sha256:e748ff95c934c4e978783b8e687bc174e7bd84e8ad24e3243e1ecfcda5e0282d", size = 10340577, upload-time = "2026-10-01T18:02:39.258Z" },
    { url = "https://files.pythonhosted.org/packages/9f/16/1a5a4a2657effe4806110f2b907313802f1367fcdbb29e8122766e407fab/ruff-0.16.10-py3-none-macosx_11_0_arm64.whl", hash = "sha256:3031a4a2e8e7b8a46f70be45f198c35a11ece509a94b80334d8d397a33c67550", size = 9774282, upload-time = "2026-10-01T18:02:41.79Z" },
    { url = "https://files.pythonhosted.org/packages/6e/fb/470085af734da396e68cd80fb0a3e7c109a459716ae59588c0f6fab8a17d/ruff-0.16.10-py3-none-manylinux_2_17_aarch64.manylinux2014_aarch64.whl", hash = "sha256:494401c86df4c4c25f69b9419605d944467ee98c42fb6ad405ef4fa40b8fb67d", size = 9920895, upload-time = "2026-10-01T18:02:44.458Z" },
    { url = "https://files.pythonhosted.org/packages/57/de/f10cffe4f88a37ea6615ec460f01bf76f0bc1477737a35d9ee61a630a78b/ruff-0.16.10-py3-none-manylinux_2_17_armv7l.manylinux2014_armv7l.whl", hash = "sha256:d203abc0ff2b773ee33d00ab8df0bb67046fbc7c07b119332f08b9b345cf8221", size = 9902707, upload-time = "2026-10-01T18:02:47.041Z" },
    { url = "https://files.pythonhosted.org/packages/ff/44/3fdcedf83ae60ef837dd239170e480dce606a9142cfa2db911afdf855fd9/ruff-0.16.10-py3-none-manylinux_2_17_i686.manylinux2014_i686.whl", hash = "sha256:bd83d1235a5258d318477bc5b576303974cbdef5df0c01a1bff14efcc23bd12a", size = 10619287, upload-time = "2026-10-01T18:02:49.485Z" },
    { url = "https://files.pythonhosted.org/packages/c1/62/02e76a5574002153618eafbb70e159468addc72a5d2c488e65cbb4639d2d/ruff-0.16.10-py3-none-manylinux_2_17_ppc64le.manylinux2014_ppc64le.whl", hash = "sha256:bc2610fb269fa56dd8a68669ae470fa6272902668c0fc2ebc3aa112b2633d5b8", size = 11339942, upload-time = "2026-10-01T18:02:52.008Z" },
    { url = "https://files.pythonhosted.org/packages/6b/c4/cde27d47ad8d4126c587e608c67c46e7feac11763f606d261a1bc8a489e6/ruff-0.16.10-py3-none-manylinux_2_17_s390x.manylinux2014_s390x.whl", hash = "sha256:3e70175e29cc94c26ea296c80e470180b744b7419026898e58f520c6ab32578e", size = 10934316, upload-time = "2026-10-01T18:02:54.811Z" },
    { url = "https://files.pythonhosted.org/packages/e4/03/17234145f302a645a123e8c3bb2411ecf4669fbc350de3b0d803230a1729/ruff-0.16.10-py3-none-manylinux_2_17_x86_64.manylinux2014_x86_64.whl", hash = "sha256:f33f43a864a8483eebd160e713336c8bab02c934feaff0a33cf5ccb41546d09a", size = 10387968, upload-time = "2026-10-01T18:02:57.497Z" },
    { url = "https://files.pythonhosted.org/packages/71/29/2493af60240ee7644b38a4b821f5f9c3b5a4fa3178770fe1d0c685217395/ruff-0.16.10-py3-none-manylinux_2_31_riscv64.whl", hash = "sha256:1dfc6f0088149fb6a362c1c446bcbb3fd2157b3852fe2fa68409276eab9ad9b3", size = 10537906, upload-time = "2026-10-01T18:03:00.006Z" },
    { url = "https://files.pythonhosted.org/packages/2e/9a/f56b28f3b143bb9e518c34fb89ab191b626bca8b70dbf8af0d2e2d473572/ruff-0.16.10-py3-none-musllinux_1_2_aarch64.whl", hash = "sha256:6553498afc35f580f036030795810b9e6bcea31604b0fd9e8d352795473042e3", size = 10012938, upload-time = "2026-10-01T18:03:03.006Z" },
    { url = "https://files.pythonhosted.org/packages/c2/c4/fca37362848ea4d4d80712df13632e645e7c7cfb1bdedf140699ac7a090b/ruff-0.16.10-py3-none-musllinux_1_2_armv7l.whl", hash = "sha256:a3b8471dea115d37f123882be852bed13403746d3a76c11de4a19ec5f9ff5a03", size = 9897945, upload-time = "2026-10-01T18:03:05.818Z" },
    { url = "https://files.pythonhosted.org/packages/7d/c7/e0bc57664d6e0c61fd22f620af260fe9662d7e1ddb320ea7f160e76ef165/ruff-0.16.10-py3-none-musllinux_1_2_i686.whl", hash = "sha256:92e59a70bcbd9d3a5483656da906ec28edfdacfce00afd99edb8b4e9d15644be", size = 10333134, upload-time = "2026-10-01T18:03:08.25Z" },
    { url = "https://files.pythonhosted.org/packages/21/aa/5c9f3b68737c0e4a33a1db5dfab44f7b786d96ca91a7233112ddab1e6dc2/ruff-0.16.10-py3-none-musllinux_1_2_x86_64.whl", hash = "sha256:7ae7375f803b5520dc9f546bed7e3a0acb70b91812e9bb4b19927de22f25b77d", size = 10741702, upload-time = "2026-10-01T18:03:10.775Z" },
    { url = "https://files.pythonhosted.org/packages/78/fa/0f9c2020dc316c53d983be011720b8157cc052b97e3f4dfa7db6d0f880a6/ruff-0.16.10-py3-none-win32.whl", hash = "sha256:2a12e01cb9156c10c466f63b46eaae5ecea28dfbd21b5836353ae498e7d1349a", size = 10139176, upload-time = "2026-10-01T18:03:13.267Z" },
    { url = "https://files.pythonhosted.org/packages/99/29/cfb0df9448d4d4ad48c2de029ada9ebd71baa6da983a6c77ee6c6cd0fe82/ruff-0.16.10-py3-none-win_amd64.whl", hash = "sha256:97f2015c92aa97105b0eab19eb5d224884399281cfc5da86a92db4ab5e7fb2ca", size = 10584734, upload-time = "2026-10-01T18:03:16.006Z" },
    { url = "https://files.pythonhosted.org/packages/fc/05/c16957eb287c3fc062e032619a25868d93d408a844b725bcf514f7a378ff/ruff-0.16.10-py3-none-win_arm64.whl", hash = "sha256:25a65fe998c4e6861ec079ada5826a2fc605e6cbccbe9dcd7fac1f54e791621b", size = 10366440, upload-time = "2026-10-01T18:03:19.04Z" },
]

[[package]]
name = "sqlalchemy"
version = "2.1.2"
source = { registry = "https://pypi.org/simple" }
dependencies = [
    { name = "typing-extensions" },
]
sdist = { url = "https://files.pythonhosted.org/packages/53/c4/6a57fe8bc24ebb438519d20ea4dcab48e4e388b1da8a53783326e762c8b9/sqlalchemy-2.1.2.tar.gz", hash = "sha256:077ac635f7d92644888df8cf6dd92abde06c083dbf996fa58c22792d68b151db", size = 10523935, upload-time = "2026-10-02T04:15:55.84Z" }
wheels = [
    { url = "https://files.pythonhosted.org/packages/35/05/6f51519041a379aa786077b3b6ee5903161749df0ff6bc95fe41cac8ec83/sqlalchemy-2.1.2-cp312-cp312-macosx_11_0_arm64.whl", hash = "sha256:02e437cdc24fd54774116dffba03aed5e340f5389f048c699f02662040143632", size = 2463277, upload-time = "2026-10-02T05:07:18.599Z" },
    { url = "https://files.pythonhosted.org/packages/3e/c5/1eb0a92c5d9acd255dabffbb180ebb499251aac0c90a4fa5407985fb66cf/sqlalchemy-2.1.2-cp312-cp312-manylinux2014_aarch64.manylinux_2_17_aarch64.manylinux_2_28_aarch64.whl", hash = "sha256:67b3872d8f17e6850522e96732182161a9adb11c0da9d4ccd5fc0012777c3bd0", size = 4657474, upload-time = "2026-10-02T05:15:49.39Z" },
    { url = "https://files.pythonhosted.org/packages/19/49/25634ece624724aadd6cc1168e182c7e6a5028ac47e0aa1babae710225b0/sqlalchemy-2.1.2-cp312-cp312-manylinux2014_x86_64.manylinux_2_17_x86_64.manylinux_2_28_x86_64.whl", hash = "sha256:a97af8b01c81946387dbf3605d58c615d12b9e449f9d697c36997b0f0ef95b0e", size = 4706085, upload-time = "2026-10-02T05:24:54.816Z" },
    { url = "https://files.pythonhosted.org/packages/2f/8c/08addcefb4b0275ad1e8e427bd6b727e51767d0ff3b261de06d5db8b710b/sqlalchemy-2.1.2-cp312-cp312-manylinux_2_31_riscv64.manylinux_2_39_riscv64.whl", hash = "sha256:c205549aec732013332fc0f32f11e0564252cef2961d425286a42b05bcd9f3f3", size = 4356266, upload-time = "2026-10-02T05:43:26.615Z" },
    { url = "https://files.pythonhosted.org/packages/c8/5c/5ac5a295ba83d9b32bdabab9298a0e6cb0d515684e9bd125cffe03f97431/sqlalchemy-2.1.2-cp312-cp312-musllinux_1_2_aarch64.whl", hash = "sha256:03ec236c0f825315863f6ba0f6bb9198e83fd095af8ba6703d7c22271a87adda", size = 4581361, upload-time = "2026-10-02T05:15:51.575Z" },
    { url = "https://files.pythonhosted.org/packages/d5/f6/b65f506fd02057d15cd69cd7df32b3aae10e61c889bf1bcb4846e9d96ff4/sqlalchemy-2.1.2-cp312-cp312-musllinux_1_2_riscv64.whl", hash = "sha256:ac7a18d7c06f854d2d4551470a3199bd855f7f0b2f33a0a418e27c53cf3ab537", size = 4350175, upload-time = "2026-10-02T05:43:28.779Z" },
    { url = "https://files.pythonhosted.org/packages/6f/9b/3544a5b56e347881542e54325f9ec66138ed37a27ae873fcba5302f66ea5/sqlalchemy-2.1.2-cp312-cp312-musllinux_1_2_x86_64.whl", hash = "sha256:71cd5bf61582add3e92c3053bfa345aa6917ee6999a99c2cba6893805bafffeb", size = 4654782, upload-time = "2026-10-02T05:24:57.18Z" },
    { url = "https://files.pythonhosted.org/packages/34/82/9efd59476c19c0c86d32dcb55e30d8a85c333ff77d3d86db5bfc68f5b05c/sqlalchemy-2.1.2-cp312-cp312-win32.whl", hash = "sha256:603f935dc16f47f1b42d93767fb1f1c5e4dbf2e6c5fdec57781184035fb72e32", size = 2374033, upload-time = "2026-10-02T05:16:37.293Z" },
    { url = "https://files.pythonhosted.org/packages/72/e5/73f9bb7e754fcfa726a9f6fa1ba2dddc9835b610e833490c4cea4b36a5cc/sqlalchemy-2.1.2-cp312-cp312-win_amd64.whl", hash = "sha256:afe4be7f03bd78df887c17c3afbbde4b26000182e5f9373c903c0d9ecaee83ba", size = 2426330, upload-time = "2026-10-02T05:16:39.151Z" },
    { url = "https://files.pythonhosted.org/packages/ac/a9/82ee60fadc54d96f3e13e00076850f6396483b441de7a18cb48901b6ccd8/sqlalchemy-2.1.2-cp312-cp312-win_arm64.whl", hash = "sha256:1773db930d02978663d0eb93fc1eac1506bb2819de2cdbf26ae316f1147a59a4", size = 2385913, upload-time = "2026-10-02T05:06:23.088Z" },
    { url = "https://files.pythonhosted.org/packages/4a/16/f4b61ee668f3f994a6f90335e62d9cb85304dabda54d30d0c54f7f117603/sqlalchemy-2.1.2-cp313-cp313-macosx_11_0_arm64.whl", hash = "sha256:372e81af39cf83fd8b238682e2db13946049b70c1eeb4d93a6c17da7a7e7b081", size = 2457271, upload-time = "2026-10-02T05:08:40.218Z" },
    { url = "https://files.pythonhosted.org/packages/65/69/24bb6f2b91c5f3e714551722d5404031ebe73eda473d4029d837d42980f1/sqlalchemy-2.1.2-cp313-cp313-manylinux2014_aarch64.manylinux_2_17_aarch64.manylinux_2_28_aarch64.whl", hash = "sha256:6909193deb052b68ba1958258f560b0cfcf1c8190ae7b283dd1635a59fa25d83", size = 4581984, upload-time = "2026-10-02T05:19:56.373Z" },
    { url = "https://files.pythonhosted.org/packages/e6/87/ba15d80f9316c5b78c792b750cc7156c67193eb34a5469dd7a73d1305c89/sqlalchemy-2.1.2-cp313-cp313-manylinux2014_x86_64.manylinux_2_17_x86_64.manylinux_2_28_x86_64.whl", hash = "sha256:d31d7fcbc3b4e79c414550648b204ba6aef7d1cc67b377367488b280e9c6428c", size = 4632707, upload-time = "2026-10-02T05:25:47.182Z" },
    { url = "https://files.pythonhosted.org/packages/6b/52/270fe6bdc4e012cb7c763f9865e065a8ac54ca8c96714cdb4ef0c5f10b96/sqlalchemy-2.1.2-cp313-cp313-manylinux_2_31_riscv64.manylinux_2_39_riscv64.whl", hash = "sha256:5b1ec3efd0e1fc377425206c5f0f0d0796f74eeaeeb54f3a7bc5aab60430d068", size = 4300010, upload-time = "2026-10-02T06:01:00.025Z" },
    { url = "https://files.pythonhosted.org/packages/b4/82/2371b34ad2fc6468d5b868673bf4f3339f945506420c39fe9ab1e139abc9/sqlalchemy-2.1.2-cp313-cp313-musllinux_1_2_aarch64.whl", hash = "sha256:35aaa0dc4a53b0757e75470805a3c623d81558505e4dd3408ba0dfb7fdebe2aa", size = 4506957, upload-time = "2026-10-02T05:19:58.618Z" },
    { url = "https://files.pythonhosted.org/packages/12/06/81cc78ea3e796ec8426be6b35134f78af70822124567e883596ea426307a/sqlalchemy-2.1.2-cp313-cp313-musllinux_1_2_riscv64.whl", hash = "sha256:937c19124890f2a68ebc24c2fbe3715d2a51a2aa753e70208768afb0cd0cb7ea", size = 4301226, upload-time = "2026-10-02T06:01:03.805Z" },
    { url = "https://files.pythonhosted.org/packages/da/2f/7ba0398659d95b03184a33122dda1b0315be6c4220a9b71ff8d1a5d39245/sqlalchemy-2.1.2-cp313-cp313-musllinux_1_2_x86_64.whl", hash = "sha256:30e5d3ff941775f4d18299ad4e143414791a82ab135211b6263e60de229df7a3", size = 4594226, upload-time = "2026-10-02T05:25:49.123Z" },
    { url = "https://files.pythonhosted.org/packages/0e/25/d0f358cb2f428eb826e2f284d1330799a56bf1cc071fb56bacb0169ec077/sqlalchemy-2.1.2-cp313-cp313-win32.whl", hash = "sha256:7e67a39f42eea9cea248d1a183d5e44be3cfa68c728f623385da74bacbe92b6b", size = 2371319, upload-time = "2026-10-02T05:11:06.968Z" },
    { url = "https://files.pythonhosted.org/packages/fa/eb/a7ce75c40882b1dc00fb6762ca889eca299e8250c3392714b1c43547b549/sqlalchemy-2.1.2-cp313-cp313-win_amd64.whl", hash = "sha256:cef16d70efb10d7066ee05be61d2ad37a00cc7f58ee335bd956664cc922160cd", size = 2421342, upload-time = "2026-10-02T05:11:08.801Z" },
    { url = "https://files.pythonhosted.org/packages/71/ea/d8a7f875b6708997c2e63af254f4bd644ad8ab1d5c92a1f49acb6f97c563/sqlalchemy-2.1.2-cp313-cp313-win_arm64.whl", hash = "sha256:23dac1a4d0f9891a433c94a85053d75606a0fea5d7bf11769142006f11dfa7ea", size = 2382281, upload-time = "2026-10-02T05:20:17.005Z" },
    { url = "https://files.pythonhosted.org/packages/4f/a6/362e17e59f8b0b1bf692683b2b64a06a4ef3a6fd8fe23349726ad726f68d/sqlalchemy-2.1.2-cp314-cp314-macosx_11_0_arm64.whl", hash = "sha256:27680aa5cbbf26cbbf2d82a788f92ac21e3c4410c694279aa9b793008beaccf7", size = 2460427, upload-time = "2026-10-02T05:08:41.739Z" },
    { url = "https://files.pythonhosted.org/packages/51/46/6cf32094c497fa0dd13352b92ec1efaa9ea4a92a2d5a76fa0367bd0a88d5/sqlalchemy-2.1.2-cp314-cp314-manylinux2014_aarch64.manylinux_2_17_aarch64.manylinux_2_28_aarch64.whl", hash = "sha256:9648026e86c07b6194e93323d222f9243a04d4791308027e644526b5ebc0c434", size = 4576175, upload-time = "2026-10-02T05:20:00.864Z" },
    { url = "https://files.pythonhosted.org/packages/4a/6e/c5a397f0a81e486d41cb8f59c2d8270e01527a141d845e0287019c44f940/sqlalchemy-2.1.2-cp314-cp314-manylinux2014_x86_64.manylinux_2_17_x86_64.manylinux_2_28_x86_64.whl", hash = "sha256:36e6a8fdbddc0635a3bb30cfddf35facaabc8d17e32060c51d50ad11cd48c4c3", size = 4605964, upload-time = "2026-10-02T05:25:51.317Z" },
    { url = "https://files.pythonhosted.org/packages/4c/f5/6e56924669d0183792943cf0af7968fbcb4b71938fbf771e4a9c9fac66e4/sqlalchemy-2.1.2-cp314-cp314-manylinux_2_31_riscv64.manylinux_2_39_riscv64.whl", hash = "sha256:ab72e68323e112dc24bb5651127c0b3958a46c57af219f314b020387deb25b40", size = 4300226, upload-time = "2026-10-02T06:01:06.134Z" },
    { url = "https://files.pythonhosted.org/packages/a9/ea/ee605f6f57ff2e331f24cb1fea03f4e8df594735eb064d5e729365e4d66d/sqlalchemy-2.1.2-cp314-cp314-musllinux_1_2_aarch64.whl", hash = "sha256:372e8f8c0e2c098f25b9c69b14d37bcb8f4055e5b9c5fd2603f0474c9766c2d3", size = 4505876, upload-time = "2026-10-02T05:20:02.858Z" },
    { url = "https://files.pythonhosted.org/packages/64/5e/ed1dd34075026c39b02c0f91c84b6729aaf715be477347101c0b04e8951c/sqlalchemy-2.1.2-cp314-cp314-musllinux_1_2_riscv64.whl", hash = "sha256:e1fc50b996473a6e075ef83fff974fe8d3b34145ed7bd8a9b1c4277ea6923562", size = 4301516, upload-time = "2026-10-02T06:01:08.371Z" },
    { url = "https://files.pythonhosted.org/packages/06/1e/0c486a290f0832bb8b768daf3ee3b807949f09ba83fcde77fce977bf1a98/sqlalchemy-2.1.2-cp314-cp314-musllinux_1_2_x86_64.whl", hash = "sha256:3e7b2cd3f8c8a7a0b60b6e5381cdf2652e0e8ca5de5209a860f31b3f89060bc5", size = 4565101, upload-time = "2026-10-02T05:25:53.297Z" },
    { url = "https://files.pythonhosted.org/packages/e8/4d/4d5275b86d86ebbc4e9a19923303db844f94f2f7e5afce4183100bc92496/sqlalchemy-2.1.2-cp314-cp314-win32.whl", hash = "sha256:03d2f135d0aa5ddca135ff3284a73dfd8503a64ddebcc82acbf239c4ccb78f80", size = 2378178, upload-time = "2026-10-02T05:11:10.619Z" },
    { url = "https://files.pythonhosted.org/packages/55/8f/c6737fd28d2ba303a0ce98ede9011a1b5b64a6f8438d96068af4433f6554/sqlalchemy-2.1.2-cp314-cp314-win_amd64.whl", hash = "sha256:39764b6c6cf8698a22f7c037819dd4f3c0a425628e399d58d366dd7b51ef5b38", size = 2428608, upload-time = "2026-10-02T05:11:12.305Z" },
    { url = "https://files.pythonhosted.org/packages/5f/19/9656501fb4ffe3e49df293f16c3ff645afaed214d54d9269b1d7d7a07da1/sqlalchemy-2.1.2-cp314-cp314-win_arm64.whl", hash = "sha256:4560ba31bf57b1f9e19e79c5056366df864de39b4f67ff96156180210aad90e0", size = 2393374, upload-time = "2026-10-02T05:20:18.377Z" },
    { url = "https://files.pythonhosted.org/packages/d3/8f/79045358fa24cab49dd42f63b75da55c8ca303cbf6307f55793df644e362/sqlalchemy-2.1.2-cp314-cp314t-macosx_11_0_arm64.whl", hash = "sha256:ebdac86ec22d47046b1a77b7cee243f65e0ee36f59f3ac1281be2d7a7beea5d8", size = 2499878, upload-time = "2026-10-02T05:25:20.621Z" },
    { url = "https://files.pythonhosted.org/packages/64/79/f59cf6ad949551223fae173b9b55d635e82cbb62b87f5a4979431d9cf7ce/sqlalchemy-2.1.2-cp314-cp314t-manylinux2014_aarch64.manylinux_2_17_aarch64.manylinux_2_28_aarch64.whl", hash = "sha256:7dbd6f98ddbea03a27bb0c5eefc5b0418931f898cb0c9407446a5680f563c493", size = 4903891, upload-time = "2026-10-02T05:31:56.966Z" },
    { url = "https://files.pythonhosted.org/packages/19/47/6e2707f9034411053fd0bdc8722399e76a022f429b0c11edb5f38efa88ec/sqlalchemy-2.1.2-cp314-cp314t-manylinux2014_x86_64.manylinux_2_17_x86_64.manylinux_2_28_x86_64.whl", hash = "sha256:c98dd011296c9afa01d5a4676131bbf82ef2529cd68c51d1abdb0011c715c457", size = 4813947, upload-time = "2026-10-02T05:23:38.414Z" },
    { url = "https://files.pythonhosted.org/packages/1e/85/a87130f438f89002fd00960f114f36572e6d8ebf09ace7d9fe6a2a9d9b5a/sqlalchemy-2.1.2-cp314-cp314t-manylinux_2_31_riscv64.manylinux_2_39_riscv64.whl", hash = "sha256:fb2870b1f7aef4a22da04a5fa9fc7bbd76e2c694f5ff32fb90f27ff84342a8fe", size = 4494257, upload-time = "2026-10-02T05:44:52.601Z" },
    { url = "https://files.pythonhosted.org/packages/71/69/d86aa455811f4e72f02c3ffdea6ffca396c9491a7aeab565baa1f2962e1f/sqlalchemy-2.1.2-cp314-cp314t-musllinux_1_2_aarch64.whl", hash = "sha256:26ac15d7745c8a42ac65dd30de987607d01485672fbe8404ebe945f04a86d226", size = 4761856, upload-time = "2026-10-02T05:31:59.283Z" },
    { url = "https://files.pythonhosted.org/packages/18/de/a7da1f40b59afd7db3db3aff0b80ba115244387ee59b387f8c1564d79e4f/sqlalchemy-2.1.2-cp314-cp314t-musllinux_1_2_riscv64.whl", hash = "sha256:1c0f8c65b8aac2b40b8e70b6467eb4d6f4954e7ff407cac3b923adafb8bb39e1", size = 4494477, upload-time = "2026-10-02T05:44:54.868Z" },
    { url = "https://files.pythonhosted.org/packages/3e/56/3754cd76889c7e406c6f805622aca6fb47c1cc88dbdd24519dea2fbddd40/sqlalchemy-2.1.2-cp314-cp314t-musllinux_1_2_x86_64.whl", hash = "sha256:91e9915bda8e4293a0a204bce3139152ac7b7accf95318df52917c5411a64f37", size = 4752479, upload-time = "2026-10-02T05:23:40.311Z" },
    { url = "https://files.pythonhosted.org/packages/88/57/53086ef2b17ed10e3d36b74b9134d91eb89499516a33482675a37deaa6a6/sqlalchemy-2.1.2-cp314-cp314t-win32.whl", hash = "sha256:f441d8c67bbdd9c64aa4bc477a5bf05405c6463976d9037f0bdfca5975ef3b44", size = 2436522, upload-time = "2026-10-02T05:17:11.66Z" },
    { url = "https://files.pythonhosted.org/packages/9a/00/ba95f581c457eec0777eeab9a89b9cfd4416ae108c99eb34a70f3f39ba4d/sqlalchemy-2.1.2-cp314-cp314t-win_amd64.whl", hash = "sha256:a95f85f83b928849b7abaaa23cedb3b45bc0475477635ed24daa42905128aee4", size = 2503939, upload-time = "2026-10-02T05:17:13.673Z" },
    { url = "https://files.pythonhosted.org/packages/6d/84/0322769b0e1b0b10568c463c06700a1e1ab63faee571020faa49d7c9d070/sqlalchemy-2.1.2-cp314-cp314t-win_arm64.whl", hash = "sha256:6a29142accafa84ced7a0c97c50e46dcd9daa83be83bef5d570c196f1006b949", size = 2422040, upload-time = "2026-10-02T05:20:28.38Z" },
    { url = "https://files.pythonhosted.org/packages/24/eb/0940ec1431ed8ba2abf23631ff45b4b60d136c0447029fcb1e25a98a2145/sqlalchemy-2.1.2-cp315-cp315-macosx_11_0_arm64.whl", hash = "sha256:25717935dcc7dce48e6bc49d5fb6a7635587aa3f54a6601de64479ffdbe45de9", size = 2460318, upload-time = "2026-10-02T05:11:19.75Z" },
    { url = "https://files.pythonhosted.org/packages/71/dd/112e694e3ab52e52a71081e01f107fed24a1dc7ff2b41a245f66a49953df/sqlalchemy-2.1.2-cp315-cp315-manylinux2014_aarch64.manylinux_2_17_aarch64.manylinux_2_28_aarch64.whl", hash = "sha256:124092eb88b293a019d5c1df6e7f459e10b503db78f1f26c419f66d0cf23b712", size = 4579446, upload-time = "2026-10-02T05:07:32.661Z" },
    { url = "https://files.pythonhosted.org/packages/e2/e7/d690f99de54bf8d4da94354a8914b9b344901ef5a082d219d9e61eceb02b/sqlalchemy-2.1.2-cp315-cp315-manylinux2014_x86_64.manylinux_2_17_x86_64.manylinux_2_28_x86_64.whl", hash = "sha256:1da1e8a0e2c308963f4ad2921f3be1c433373449cde2d80c27214ceb7f72deb4", size = 4614914, upload-time = "2026-10-02T05:09:36.761Z" },
    { url = "https://files.pythonhosted.org/packages/15/b4/f11c6b341c4411592dc4ccf8723584fe952bd48e5f74a47bfe08c16f505d/sqlalchemy-2.1.2-cp315-cp315-manylinux_2_31_riscv64.manylinux_2_39_riscv64.whl", hash = "sha256:4cf2bf68711c7628be4800093aaf62205f98e87ec93bed051d2e150bab88d1b4", size = 4316314, upload-time = "2026-10-02T05:29:43.923Z" },
    { url = "https://files.pythonhosted.org/packages/a0/00/a4bd852a4a21ff25797b40ed73b67e05925a6abf4cb1d4a0158f316d588a/sqlalchemy-2.1.2-cp315-cp315-musllinux_1_2_aarch64.whl", hash = "sha256:6853e543bf3c576effb6f75601ab79e77cc04cff1e138f03c24cf3e75f7c992e", size = 4509511, upload-time = "2026-10-02T05:07:34.624Z" },
    { url = "https://files.pythonhosted.org/packages/7f/b0/2e478ed103f0af0a5736ff9686ae6206750658c5a54749e635a3b6427b76/sqlalchemy-2.1.2-cp315-cp315-musllinux_1_2_riscv64.whl", hash = "sha256:bb7defec5e2a72409d63663c58bf1bd6dcb74ef224c696194ec941c1c304a3c0", size = 4316278, upload-time = "2026-10-02T05:29:46.287Z" },
    { url = "https://files.pythonhosted.org/packages/21/96/87f218ecb4c3ac463278d1cf164c8923257a99b03dff7ff68cbf87525598/sqlalchemy-2.1.2-cp315-cp315-musllinux_1_2_x86_64.whl", hash = "sha256:15a3e6ce8f5b0a93db2d5eefe7d1e1411e485cc13c3ea33d75df36db20cd337a", size = 4576277, upload-time = "2026-10-02T05:09:38.614Z" },
    { url = "https://files.pythonhosted.org/packages/3d/11/b1fba4d42c2f0f10da90f6acd620fa776b64e7479e596073ca3d55095903/sqlalchemy-2.1.2-cp315-cp315-win32.whl", hash = "sha256:6da8e71cf06cb44b918374b006f26c0c0d5c834996bbbf2eb81d4c56f92e5961", size = 2377886, upload-time = "2026-10-02T04:47:07.676Z" },
    { url = "https://files.pythonhosted.org/packages/3e/8d/a9857d60934a9efc36aa69cd0d4b9b7be3147abae9745fff7e4d3f6d42db/sqlalchemy-2.1.2-cp315-cp315-win_amd64.whl", hash = "sha256:30b5a4d3e249859d4ffb2d039f7006f9a50038a1c4858de1b00501efdb76ca50", size = 2428649, upload-time = "2026-10-02T04:47:09.184Z" },
    { url = "https://files.pythonhosted.org/packages/a1/26/14581a09169e184970c9dd35679687cf34536f49fcaace9b41ee2b4b6832/sqlalchemy-2.1.2-cp315-cp315-win_arm64.whl", hash = "sha256:87ebb4697c73074f181fa0ec001c898aedcd579e2487b146e2f7e017270b452d", size = 2393074, upload-time = "2026-10-02T05:09:25.411Z" },
    { url = "https://files.pythonhosted.org/packages/dc/20/53204d2f2c02eb97beac6b5434322b0dc88f8f340b7fd27c7ddf87297f1a/sqlalchemy-2.1.2-cp315-cp315t-macosx_11_0_arm64.whl", hash = "sha256:d1b37c3ad715a242212f4063f8c8c82dd5e58bf0744fbeb1a94ad75ae2b8cbc8", size = 2496111, upload-time = "2026-10-02T05:25:22.502Z" },
    { url = "https://files.pythonhosted.org/packages/0d/df/d0ddb9ac7d7661ce90eba38468bfaafe93217353711039d8a07c892d54b4/sqlalchemy-2.1.2-cp315-cp315t-manylinux2014_aarch64.manylinux_2_17_aarch64.manylinux_2_28_aarch64.whl", hash = "sha256:643a8c8dbe1a7d1cdb8e47bccca85eefd72d7d12b6fd8150505c28392cb8dcd3", size = 4880070, upload-time = "2026-10-02T05:32:01.533Z" },
    { url = "https://files.pythonhosted.org/packages/83/76/bb1a866ee6751aa66a08032193d37d2aea7142a4b45624bbb59c74cf3197/sqlalchemy-2.1.2-cp315-cp315t-manylinux2014_x86_64.manylinux_2_17_x86_64.manylinux_2_28_x86_64.whl", hash = "sha256:cab07484d0eff1abbfc4ea26ac3d7673076b6d994362dfdcbb9e55104ba1a3ac", size = 4830386, upload-time = "2026-10-02T05:23:42.742Z" },
    { url = "https://files.pythonhosted.org/packages/03/26/e6bd704baf6a72c969284a508a6af28e3026590aca1ed337948822e1894e/sqlalchemy-2.1.2-cp315-cp315t-manylinux_2_31_riscv64.manylinux_2_39_riscv64.whl", hash = "sha256:b9dab8f6dffb112886bb2296f0cb7f66e610315bc1ff9d2458542875876653f1", size = 4481059, upload-time = "2026-10-02T05:44:57.082Z" },
    { url = "https://files.pythonhosted.org/packages/94/19/8422c02e0c2393f3695ebd055a9c4708319a5e7174b65bd44711b4534c9f/sqlalchemy-2.1.2-cp315-cp315t-musllinux_1_2_aarch64.whl", hash = "sha256:17360485bf5c3e93d9d878c9cf306f38af497abcafbb0a14636b6cc0cb6098fb", size = 4737339, upload-time = "2026-10-02T05:32:03.887Z" },
    { url = "https://files.pythonhosted.org/packages/cc/64/1324e62e6d7fb8e5a015e86e4acf1e3722078950a0b8e5c3961beb9dd269/sqlalchemy-2.1.2-cp315-cp315t-musllinux_1_2_riscv64.whl", hash = "sha256:f6aa93c574aa16f3bb7f2c9cdca7ddaf3077c2981d922464b97e8de1381a467a", size = 4479547, upload-time = "2026-10-02T05:44:59.519Z" },
    { url = "https://files.pythonhosted.org/packages/1f/d0/eb5e132cf94be792aaab3bc15234facdd0769951adcbdbd0b0ac36db5d41/sqlalchemy-2.1.2-cp315-cp315t-musllinux_1_2_x86_64.whl", hash = "sha256:7dd660bb0b4bb58cefd2142c7bac75e5262d89ea92aa787f8dcd57728d7397c1", size = 4757093, upload-time = "2026-10-02T05:23:44.865Z" },
    { url = "https://files.pythonhosted.org/packages/94/b8/493a4c5dadc9293edda00133e1d4e956570d31305c64614816afd0afbefe/sqlalchemy-2.1.2-cp315-cp315t-win32.whl", hash = "sha256:4157bf7a912244916cb087cd09dc9dfdc85210257479129fc0c64666ccb372e5", size = 2433303, upload-time = "2026-10-02T05:17:15.515Z" },
    { url = "https://files.pythonhosted.org/packages/18/a0/22e52a672c377c9ff0856ec23af0cb62a87c95b8d247603d0ffdfe35f47a/sqlalchemy-2.1.2-cp315-cp315t-win_amd64.whl", hash = "sha256:8cecb59b29285ebb7e4dc676b2beba53030a47315a034e30e20650ad8126b131", size = 2498983, upload-time = "2026-10-02T05:17:17.071Z" },
    { url = "https://files.pythonhosted.org/packages/3d/16/99a5b57e95770362ff1ebb8f2c597ef2449015391265e7b3ae7de450ee01/sqlalchemy-2.1.2-cp315-cp315t-win_arm64.whl", hash = "sha256:835ea5779a8301e06a2a7c19e11912552125915f775deda35d3b689675f79e86", size = 2417862, upload-time = "2026-10-02T05:20:30.001Z" },
    { url = "https://files.pythonhosted.org/packages/80/df/e54318f5d645b8bf0c76b02fdd4430610afee31eada2d7ac59bee30b4715/sqlalchemy-2.1.2-py3-none-any.whl", hash = "sha256:d82dbb7e9fad337c1cfb1ecf042dc9507c0b9d287c3c6a0e0b7fdd621e2d7c27", size = 2052389, upload-time = "2026-10-02T05:14:19.853Z" },
]

[[package]]
name = "sqlalchemy-example"
version = "0.1.0"
source = { virtual = "." }
dependencies = [
    { name = "psycopg", extra = ["binary"] },
    { name = "sqlalchemy" },
]

[package.dev-dependencies]
dev = [
    { name = "pyright" },
    { name = "ruff" },
]

[package.metadata]
requires-dist = [
    { name = "psycopg", extras = ["binary"], specifier = ">=3.2" },
    { name = "sqlalchemy", specifier = ">=2.0" },
]

[package.metadata.requires-dev]
dev = [
    { name = "pyright", specifier = ">=1.1.414" },
    { name = "ruff", specifier = ">=0.16.10" },
]

[[package]]
name = "typing-extensions"
version = "4.16.0"
source = { registry = "https://pypi.org/simple" }
sdist = { url = "https://files.pythonhosted.org/packages/f6/cc/6253133b5bb138fc3306cebfbda2c520f545d36b5be2c7255cc528bb45d6/typing_extensions-4.16.0.tar.gz", hash = "sha256:dc983d19a509c94dba722ee6abd33940f7c05a89e243c47e907eb4db6f1a43e5", size = 113555, upload-time = "2026-07-02T08:40:05.92Z" }
wheels = [
    { url = "https://files.pythonhosted.org/packages/49/d3/b8441a820a491ddfc024b0b0cf0393375b75ea13866d9c66727e54c2fc80/typing_extensions-4.16.0-py3-none-any.whl", hash = "sha256:481caa481374e813c1b176ada14e97f1f67a4539ce9cfeb3f350d78d6370c2e8", size = 45571, upload-time = "2026-07-02T08:40:04.659Z" },
]

[[package]]
name = "tzdata"
version = "2026.4"
source = { registry = "https://pypi.org/simple" }
sdist = { url = "https://files.pythonhosted.org/packages/e4/31/3d74fa778a63b98b7374323befcc0be5ab3bd94afd4096a0124e7379152c/tzdata-2026.4.tar.gz", hash = "sha256:f1b8bd365d8d210c55353f4d7f8d6d8561c0ba50d704b700d195a9424bba0d79", size = 199350, upload-time = "2026-09-12T12:56:03.251Z" }
wheels = [
    { url = "https://files.pythonhosted.org/packages/f9/bc/8737e8d54cf51106118039b83f485a4783112fab49ea9d044b234978a46e/tzdata-2026.4-py2.py3-none-any.whl", hash = "sha256:c2169a8b0a7a5e9674da5a135ccdfb2b3e671b333ed9fed17b41f73c34476e81", size = 347494, upload-time = "2026-09-12T12:56:01.67Z" },
]
